{
  "name": "cds-lsp-exec",
  "version": "1.0.0",
  "lockfileVersion": 1,
  "requires": true,
  "dependencies": {
    "@sap/cds-lsp": {
      "version": "3.3.2",
      "resolved": "https://npm.sap.com/@sap/cds-lsp/-/cds-lsp-3.3.2.tgz",
      "integrity": "sha512-YFc66ksfR1SLwhIsjDuG0vyd2N2vymv70HK/eV59fzHMUcT4ex7z4j28QQS2t0mS9ROtrWYGfHfwocd92D0wFg==",
      "requires": {
        "@sap/cds-compiler": "1.26.2",
        "antlr4": "4.7.1",
        "fs.realpath": "1.0.0",
        "ignore": "5.1.4",
        "json-source-map": "0.6.1",
        "vscode-languageserver": "6.1.0",
        "vscode-languageserver-protocol": "3.15.2"
      },
      "dependencies": {
        "@sap/cds-compiler": {
          "version": "1.26.2",
          "resolved": "https://npm.sap.com/@sap/cds-compiler/-/cds-compiler-1.26.2.tgz",
          "integrity": "sha512-YRB/U4FWNXAHCdRQrD6LxbvLPvyNx2k8UaS6QGBS1n/Mlg3mS/7A080zJc8o6mXO4LCGrerDrQEFuYVE/Nl12Q==",
          "requires": {
            "antlr4": "4.7.1",
            "resolve": "1.8.1",
            "sax": "^1.2.4"
          }
        },
        "antlr4": {
          "version": "4.7.1",
          "resolved": "https://registry.npmjs.org/antlr4/-/antlr4-4.7.1.tgz",
          "integrity": "sha512-haHyTW7Y9joE5MVs37P2lNYfU2RWBLfcRDD8OWldcdZm5TiCE91B5Xl1oWSwiDUSd4rlExpt2pu1fksYQjRBYQ=="
        },
        "fs.realpath": {
          "version": "1.0.0",
          "resolved": "https://registry.npmjs.org/fs.realpath/-/fs.realpath-1.0.0.tgz",
          "integrity": "sha1-FQStJSMVjKpA20onh8sBQRmU6k8="
        },
        "ignore": {
          "version": "5.1.4",
          "resolved": "https://registry.npmjs.org/ignore/-/ignore-5.1.4.tgz",
          "integrity": "sha512-MzbUSahkTW1u7JpKKjY7LCARd1fU5W2rLdxlM4kdkayuCwZImjkpluF9CM1aLewYJguPDqewLam18Y6AU69A8A=="
        },
        "json-source-map": {
          "version": "0.6.1",
          "resolved": "https://registry.npmjs.org/json-source-map/-/json-source-map-0.6.1.tgz",
          "integrity": "sha512-1QoztHPsMQqhDq0hlXY5ZqcEdUzxQEIxgFkKl4WUp2pgShObl+9ovi4kRh2TfvAfxAoHOJ9vIMEqk3k4iex7tg=="
        },
        "path-parse": {
          "version": "1.0.6",
          "resolved": "https://registry.npmjs.org/path-parse/-/path-parse-1.0.6.tgz",
          "integrity": "sha512-GSmOT2EbHrINBf9SR7CDELwlJ8AENk3Qn7OikK4nFYAu3Ote2+JYNVvkpAEQm3/TLNEJFD/xZJjzyxg3KBWOzw=="
        },
        "resolve": {
          "version": "1.8.1",
          "resolved": "https://registry.npmjs.org/resolve/-/resolve-1.8.1.tgz",
          "integrity": "sha512-AicPrAC7Qu1JxPCZ9ZgCZlY35QgFnNqc+0LtbRNxnVw4TXvjQ72wnuL9JQcEBgXkI9JM8MsT9kaQoHcpCRJOYA==",
          "requires": {
            "path-parse": "^1.0.5"
          }
        },
        "sax": {
          "version": "1.2.4",
          "resolved": "https://registry.npmjs.org/sax/-/sax-1.2.4.tgz",
          "integrity": "sha512-NqVDv9TpANUjFm0N8uM5GxL36UgKi9/atZw+x7YFnQ8ckwFGKrl4xX4yWtrey3UJm5nP1kUbnYgLopqWNSRhWw=="
        },
        "vscode-jsonrpc": {
          "version": "5.0.1",
          "resolved": "https://registry.npmjs.org/vscode-jsonrpc/-/vscode-jsonrpc-5.0.1.tgz",
          "integrity": "sha512-JvONPptw3GAQGXlVV2utDcHx0BiY34FupW/kI6mZ5x06ER5DdPG/tXWMVHjTNULF5uKPOUUD0SaXg5QaubJL0A=="
        },
        "vscode-languageserver": {
          "version": "6.1.0",
          "resolved": "https://registry.npmjs.org/vscode-languageserver/-/vscode-languageserver-6.1.0.tgz",
          "integrity": "sha512-Q5kUJegYclTZMnKUaEcxJK41Ozp6qJhhoFJYj0w8y8j9JXdKT479LE945QCKRvSgWfsqTSUmgsozVTUIwQQxHw==",
          "requires": {
            "vscode-languageserver-protocol": "^3.15.2"
          }
        },
        "vscode-languageserver-protocol": {
          "version": "3.15.2",
          "resolved": "https://registry.npmjs.org/vscode-languageserver-protocol/-/vscode-languageserver-protocol-3.15.2.tgz",
          "integrity": "sha512-GdL05JKOgZ76RDg3suiGCl9enESM7iQgGw4x93ibTh4sldvZmakHmTeZ4iUApPPGKf6O3OVBtrsksBXnHYaxNg==",
          "requires": {
            "vscode-jsonrpc": "^5.0.1",
            "vscode-languageserver-types": "3.15.1"
          }
        },
        "vscode-languageserver-types": {
          "version": "3.15.1",
          "resolved": "https://registry.npmjs.org/vscode-languageserver-types/-/vscode-languageserver-types-3.15.1.tgz",
          "integrity": "sha512-+a9MPUQrNGRrGU630OGbYVQ+11iOIovjCkqxajPa9w57Sd5ruK8WQNsslzpa0x/QJqC8kRc2DUxWjIFwoNm4ZQ=="
        }
      }
    }
  }
}
